
Microsoft Visual Studio Solution File, Format Version 12.00
# Visual Studio Version 17
VisualStudioVersion = 17.2.32516.85
MinimumVisualStudioVersion = 10.0.40219.1
Project("{9A19103F-16F7-4668-BE54-9A1E7A4F7556}") = "TextEditor", "TextEditor\TextEditor.csproj", "{2895DB48-233F-414C-8DBA-14DFD3F2AF37}"
EndProject
Global
	GlobalSection(SolutionConfigurationPlatforms) = preSolution
		Debug|Any CPU = Debug|Any CPU
		Release|Any CPU = Release|Any CPU
	EndGlobalSection
	GlobalSection(ProjectConfigurationPlatforms) = postSolution
		{2895DB48-233F-414C-8DBA-14DFD3F2AF37}.Debug|Any CPU.ActiveCfg = Debug|Any CPU
		{2895DB48-233F-414C-8DBA-14DFD3F2AF37}.Debug|Any CPU.Build.0 = Debug|Any CPU
		{2895DB48-233F-414C-8DBA-14DFD3F2AF37}.Release|Any CPU.ActiveCfg = Release|Any CPU
		{2895DB48-233F-414C-8DBA-14DFD3F2AF37}.Release|Any CPU.Build.0 = Release|Any CPU
	EndGlobalSection
	GlobalSection(SolutionProperties) = preSolution
		HideSolutionNode = FALSE
	EndGlobalSection
	GlobalSection(ExtensibilityGlobals) = postSolution
		SolutionGuid = {60325C81-EE2E-4229-8CAF-39D71604B653}
	EndGlobalSection
EndGlobal
